// !$*UTF8*$!
{
	archiveVersion = 1;
	classes = {
	};
	objectVersion = 46;
	objects = {

/* Begin PBXBuildFile section */
		4CA752801DABA1C100D927AB /* main.m in Sources */ = {isa = PBXBuildFile; fileRef = 4CA7527F1DABA1C100D927AB /* main.m */; };
		4CA752831DABA1C100D927AB /* AppDelegate.m in Sources */ = {isa = PBXBuildFile; fileRef = 4CA752821DABA1C100D927AB /* AppDelegate.m */; };
		4CA752861DABA1C100D927AB /* ViewController.m in Sources */ = {isa = PBXBuildFile; fileRef = 4CA752851DABA1C100D927AB /* ViewController.m */; };
		4CA752891DABA1C100D927AB /* Main.storyboard in Resources */ = {isa = PBXBuildFile; fileRef = 4CA752871DABA1C100D927AB /* Main.storyboard */; };
		4CA7528B1DABA1C100D927AB /* Assets.xcassets in Resources */ = {isa = PBXBuildFile; fileRef = 4CA7528A1DABA1C100D927AB /* Assets.xcassets */; };
		4CA7528E1DABA1C100D927AB /* LaunchScreen.storyboard in Resources */ = {isa = PBXBuildFile; fileRef = 4CA7528C1DABA1C100D927AB /* LaunchScreen.storyboard */; };
		4CA752991DABA1C100D927AB /* hahaTests.m in Sources */ = {isa = PBXBuildFile; fileRef = 4CA752981DABA1C100D927AB /* hahaTests.m */; };
		4CA752A41DABA1C100D927AB /* hahaUITests.m in Sources */ = {isa = PBXBuildFile; fileRef = 4CA752A31DABA1C100D927AB /* hahaUITests.m */; };
/* End PBXBuildFile section */

/* Begin PBXContainerItemProxy section */
		4CA752951DABA1C100D927AB /* PBXContainerItemProxy */ = {
			isa = PBXContainerItemProxy;
			containerPortal = 4CA752731DABA1C100D927AB /* Project object */;
			proxyType = 1;
			remoteGlobalIDString = 4CA7527A1DABA1C100D927AB;
			remoteInfo = haha;
		};
		4CA752A01DABA1C100D927AB /* PBXContainerItemProxy */ = {
			isa = PBXContainerItemProxy;
			containerPortal = 4CA752731DABA1C100D927AB /* Project object */;
			proxyType = 1;
			remoteGlobalIDString = 4CA7527A1DABA1C100D927AB;
			remoteInfo = haha;
		};
/* End PBXContainerItemProxy section */

/* Begin PBXFileReference section */
		4CA7527B1DABA1C100D927AB /* haha.app */ = {isa = PBXFileReference; explicitFileType = wrapper.application; includeInIndex = 0; path = haha.app; sourceTree = BUILT_PRODUCTS_DIR; };
		4CA7527F1DABA1C100D927AB /* main.m */ = {isa = PBXFileReference; lastKnownFileType = sourcecode.c.objc; path = main.m; sourceTree = "<group>"; };
		4CA752811DABA1C100D927AB /* AppDelegate.h */ = {isa = PBXFileReference; lastKnownFileType = sourcecode.c.h; path = AppDelegate.h; sourceTree = "<group>"; };
		4CA752821DABA1C100D927AB /* AppDelegate.m */ = {isa = PBXFileReference; lastKnownFileType = sourcecode.c.objc; path = AppDelegate.m; sourceTree = "<group>"; };
		4CA752841DABA1C100D927AB /* ViewController.h */ = {isa = PBXFileReference; lastKnownFileType = sourcecode.c.h; path = ViewController.h; sourceTree = "<group>"; };
		4CA752851DABA1C100D927AB /* ViewController.m */ = {isa = PBXFileReference; lastKnownFileType = sourcecode.c.objc; path = ViewController.m; sourceTree = "<group>"; };
		4CA752881DABA1C100D927AB /* Base */ = {isa = PBXFileReference; lastKnownFileType = file.storyboard; name = Base; path = Base.lproj/Main.storyboard; sourceTree = "<group>"; };
		4CA7528A1DABA1C100D927AB /* Assets.xcassets */ = {isa = PBXFileReference; lastKnownFileType = folder.assetcatalog; path = Assets.xcassets; sourceTree = "<group>"; };
		4CA7528D1DABA1C100D927AB /* Base */ = {isa = PBXFileReference; lastKnownFileType = file.storyboard; name = Base; path = Base.lproj/LaunchScreen.storyboard; sourceTree = "<group>"; };
		4CA7528F1DABA1C100D927AB /* Info.plist */ = {isa = PBXFileReference; lastKnownFileType = text.plist.xml; path = Info.plist; sourceTree = "<group>"; };
		4CA752941DABA1C100D927AB /* hahaTests.xctest */ = {isa = PBXFileReference; explicitFileType = wrapper.cfbundle; includeInIndex = 0; path = hahaTests.xctest; sourceTree = BUILT_PRODUCTS_DIR; };
		4CA752981DABA1C100D927AB /* hahaTests.m */ = {isa = PBXFileReference; lastKnownFileType = sourcecode.c.objc; path = hahaTests.m; sourceTree = "<group>"; };
		4CA7529A1DABA1C100D927AB /* Info.plist */ = {isa = PBXFileReference; lastKnownFileType = text.plist.xml; path = Info.plist; sourceTree = "<group>"; };
		4CA7529F1DABA1C100D927AB /* hahaUITests.xctest */ = {isa = PBXFileReference; explicitFileType = wrapper.cfbundle; includeInIndex = 0; path = hahaUITests.xctest; sourceTree = BUILT_PRODUCTS_DIR; };
		4CA752A31DABA1C100D927AB /* hahaUITests.m */ = {isa = PBXFileReference; lastKnownFileType = sourcecode.c.objc; path = hahaUITests.m; sourceTree = "<group>"; };
		4CA752A51DABA1C100D927AB /* Info.plist */ = {isa = PBXFileReference; lastKnownFileType = text.plist.xml; path = Info.plist; sourceTree = "<group>"; };
/* End PBXFileReference section */

/* Begin PBXFrameworksBuildPhase section */
		4CA752781DABA1C100D927AB /* Frameworks */ = {
			isa = PBXFrameworksBuildPhase;
			buildActionMask = 2147483647;
			files = (
			);
			runOnlyForDeploymentPostprocessing = 0;
		};
		4CA752911DABA1C100D927AB /* Frameworks */ = {
			isa = PBXFrameworksBuildPhase;
			buildActionMask = 2147483647;
			files = (
			);
			runOnlyForDeploymentPostprocessing = 0;
		};
		4CA7529C1DABA1C100D927AB /* Frameworks */ = {
			isa = PBXFrameworksBuildPhase;
			buildActionMask = 2147483647;
			files = (
			);
			runOnlyForDeploymentPostprocessing = 0;
		};
/* End PBXFrameworksBuildPhase section */

/* Begin PBXGroup section */
		4CA752721DABA1C100D927AB = {
			isa = PBXGroup;
			children = (
				4CA7527D1DABA1C100D927AB /* haha */,
				4CA752971DABA1C100D927AB /* hahaTests */,
				4CA752A21DABA1C100D927AB /* hahaUITests */,
				4CA7527C1DABA1C100D927AB /* Products */,
			);
			sourceTree = "<group>";
		};
		4CA7527C1DABA1C100D927AB /* Products */ = {
			isa = PBXGroup;
			children = (
				4CA7527B1DABA1C100D927AB /* haha.app */,
				4CA752941DABA1C100D927AB /* hahaTests.xctest */,
				4CA7529F1DABA1C100D927AB /* hahaUITests.xctest */,
			);
			name = Products;
			sourceTree = "<group>";
		};
		4CA7527D1DABA1C100D927AB /* haha */ = {
			isa = PBXGroup;
			children = (
				4CA752811DABA1C100D927AB /* AppDelegate.h */,
				4CA752821DABA1C100D927AB /* AppDelegate.m */,
				4CA752841DABA1C100D927AB /* ViewController.h */,
				4CA752851DABA1C100D927AB /* ViewController.m */,
				4CA752871DABA1C100D927AB /* Main.storyboard */,
				4CA7528A1DABA1C100D927AB /* Assets.xcassets */,
				4CA7528C1DABA1C100D927AB /* LaunchScreen.storyboard */,
				4CA7528F1DABA1C100D927AB /* Info.plist */,
				4CA7527E1DABA1C100D927AB /* Supporting Files */,
			);
			path = haha;
			sourceTree = "<group>";
		};
		4CA7527E1DABA1C100D927AB /* Supporting Files */ = {
			isa = PBXGroup;
			children = (
				4CA7527F1DABA1C100D927AB /* main.m */,
			);
			name = "Supporting Files";
			sourceTree = "<group>";
		};
		4CA752971DABA1C100D927AB /* hahaTests */ = {
			isa = PBXGroup;
			children = (
				4CA752981DABA1C100D927AB /* hahaTests.m */,
				4CA7529A1DABA1C100D927AB /* Info.plist */,
			);
			path = hahaTests;
			sourceTree = "<group>";
		};
		4CA752A21DABA1C100D927AB /* hahaUITests */ = {
			isa = PBXGroup;
			children = (
				4CA752A31DABA1C100D927AB /* hahaUITests.m */,
				4CA752A51DABA1C100D927AB /* Info.plist */,
			);
			path = hahaUITests;
			sourceTree = "<group>";
		};
/* End PBXGroup section */

/* Begin PBXNativeTarget section */
		4CA7527A1DABA1C100D927AB /* haha */ = {
			isa = PBXNativeTarget;
			buildConfigurationList = 4CA752A81DABA1C100D927AB /* Build configuration list for PBXNativeTarget "haha" */;
			buildPhases = (
				4CA752771DABA1C100D927AB /* Sources */,
				4CA752781DABA1C100D927AB /* Frameworks */,
				4CA752791DABA1C100D927AB /* Resources */,
			);
			buildRules = (
			);
			dependencies = (
			);
			name = haha;
			productName = haha;
			productReference = 4CA7527B1DABA1C100D927AB /* haha.app */;
			productType = "com.apple.product-type.application";
		};
		4CA752931DABA1C100D927AB /* hahaTests */ = {
			isa = PBXNativeTarget;
			buildConfigurationList = 4CA752AB1DABA1C100D927AB /* Build configuration list for PBXNativeTarget "hahaTests" */;
			buildPhases = (
				4CA752901DABA1C100D927AB /* Sources */,
				4CA752911DABA1C100D927AB /* Frameworks */,
				4CA752921DABA1C100D927AB /* Resources */,
			);
			buildRules = (
			);
			dependencies = (
				4CA752961DABA1C100D927AB /* PBXTargetDependency */,
			);
			name = hahaTests;
			productName = hahaTests;
			productReference = 4CA752941DABA1C100D927AB /* hahaTests.xctest */;
			productType = "com.apple.product-type.bundle.unit-test";
		};
		4CA7529E1DABA1C100D927AB /* hahaUITests */ = {
			isa = PBXNativeTarget;
			buildConfigurationList = 4CA752AE1DABA1C100D927AB /* Build configuration list for PBXNativeTarget "hahaUITests" */;
			buildPhases = (
				4CA7529B1DABA1C100D927AB /* Sources */,
				4CA7529C1DABA1C100D927AB /* Frameworks */,
				4CA7529D1DABA1C100D927AB /* Resources */,
			);
			buildRules = (
			);
			dependencies = (
				4CA752A11DABA1C100D927AB /* PBXTargetDependency */,
			);
			name = hahaUITests;
			productName = hahaUITests;
			productReference = 4CA7529F1DABA1C100D927AB /* hahaUITests.xctest */;
			productType = "com.apple.product-type.bundle.ui-testing";
		};
/* End PBXNativeTarget section */

/* Begin PBXProject section */
		4CA752731DABA1C100D927AB /* Project object */ = {
			isa = PBXProject;
			attributes = {
				LastUpgradeCheck = 0730;
				ORGANIZATIONNAME = "小陈";
				TargetAttributes = {
					4CA7527A1DABA1C100D927AB = {
						CreatedOnToolsVersion = 7.3.1;
					};
					4CA752931DABA1C100D927AB = {
						CreatedOnToolsVersion = 7.3.1;
						TestTargetID = 4CA7527A1DABA1C100D927AB;
					};
					4CA7529E1DABA1C100D927AB = {
						CreatedOnToolsVersion = 7.3.1;
						TestTargetID = 4CA7527A1DABA1C100D927AB;
					};
				};
			};
			buildConfigurationList = 4CA752761DABA1C100D927AB /* Build configuration list for PBXProject "haha" */;
			compatibilityVersion = "Xcode 3.2";
			developmentRegion = English;
			hasScannedForEncodings = 0;
			knownRegions = (
				en,
				Base,
			);
			mainGroup = 4CA752721DABA1C100D927AB;
			productRefGroup = 4CA7527C1DABA1C100D927AB /* Products */;
			projectDirPath = "";
			projectRoot = "";
			targets = (
				4CA7527A1DABA1C100D927AB /* haha */,
				4CA752931DABA1C100D927AB /* hahaTests */,
				4CA7529E1DABA1C100D927AB /* hahaUITests */,
			);
		};
/* End PBXProject section */

/* Begin PBXResourcesBuildPhase section */
		4CA752791DABA1C100D927AB /* Resources */ = {
			isa = PBXResourcesBuildPhase;
			buildActionMask = 2147483647;
			files = (
				4CA7528E1DABA1C100D927AB /* LaunchScreen.storyboard in Resources */,
				4CA7528B1DABA1C100D927AB /* Assets.xcassets in Resources */,
				4CA752891DABA1C100D927AB /* Main.storyboard in Resources */,
			);
			runOnlyForDeploymentPostprocessing = 0;
		};
		4CA752921DABA1C100D927AB /* Resources */ = {
			isa = PBXResourcesBuildPhase;
			buildActionMask = 2147483647;
			files = (
			);
			runOnlyForDeploymentPostprocessing = 0;
		};
		4CA7529D1DABA1C100D927AB /* Resources */ = {
			isa = PBXResourcesBuildPhase;
			buildActionMask = 2147483647;
			files = (
			);
			runOnlyForDeploymentPostprocessing = 0;
		};
/* End PBXResourcesBuildPhase section */

/* Begin PBXSourcesBuildPhase section */
		4CA752771DABA1C100D927AB /* Sources */ = {
			isa = PBXSourcesBuildPhase;
			buildActionMask = 2147483647;
			files = (
				4CA752861DABA1C100D927AB /* ViewController.m in Sources */,
				4CA752831DABA1C100D927AB /* AppDelegate.m in Sources */,
				4CA752801DABA1C100D927AB /* main.m in Sources */,
			);
			runOnlyForDeploymentPostprocessing = 0;
		};
		4CA752901DABA1C100D927AB /* Sources */ = {
			isa = PBXSourcesBuildPhase;
			buildActionMask = 2147483647;
			files = (
				4CA752991DABA1C100D927AB /* hahaTests.m in Sources */,
			);
			runOnlyForDeploymentPostprocessing = 0;
		};
		4CA7529B1DABA1C100D927AB /* Sources */ = {
			isa = PBXSourcesBuildPhase;
			buildActionMask = 2147483647;
			files = (
				4CA752A41DABA1C100D927AB /* hahaUITests.m in Sources */,
			);
			runOnlyForDeploymentPostprocessing = 0;
		};
/* End PBXSourcesBuildPhase section */

/* Begin PBXTargetDependency section */
		4CA752961DABA1C100D927AB /* PBXTargetDependency */ = {
			isa = PBXTargetDependency;
			target = 4CA7527A1DABA1C100D927AB /* haha */;
			targetProxy = 4CA752951DABA1C100D927AB /* PBXContainerItemProxy */;
		};
		4CA752A11DABA1C100D927AB /* PBXTargetDependency */ = {
			isa = PBXTargetDependency;
			target = 4CA7527A1DABA1C100D927AB /* haha */;
			targetProxy = 4CA752A01DABA1C100D927AB /* PBXContainerItemProxy */;
		};
/* End PBXTargetDependency section */

/* Begin PBXVariantGroup section */
		4CA752871DABA1C100D927AB /* Main.storyboard */ = {
			isa = PBXVariantGroup;
			children = (
				4CA752881DABA1C100D927AB /* Base */,
			);
			name = Main.storyboard;
			sourceTree = "<group>";
		};
		4CA7528C1DABA1C100D927AB /* LaunchScreen.storyboard */ = {
			isa = PBXVariantGroup;
			children = (
				4CA7528D1DABA1C100D927AB /* Base */,
			);
			name = LaunchScreen.storyboard;
			sourceTree = "<group>";
		};
/* End PBXVariantGroup section */

/* Begin XCBuildConfiguration section */
		4CA752A61DABA1C100D927AB /* Debug */ = {
			isa = XCBuildConfiguration;
			buildSettings = {
				ALWAYS_SEARCH_USER_PATHS = NO;
				CLANG_ANALYZER_NONNULL = YES;
				CLANG_CXX_LANGUAGE_STANDARD = "gnu++0x";
				CLANG_CXX_LIBRARY = "libc++";
				CLANG_ENABLE_MODULES = YES;
				CLANG_ENABLE_OBJC_ARC = YES;
				CLANG_WARN_BOOL_CONVERSION = YES;
				CLANG_WARN_CONSTANT_CONVERSION = YES;
				CLANG_WARN_DIRECT_OBJC_ISA_USAGE = YES_ERROR;
				CLANG_WARN_EMPTY_BODY = YES;
				CLANG_WARN_ENUM_CONVERSION = YES;
				CLANG_WARN_INT_CONVERSION = YES;
				CLANG_WARN_OBJC_ROOT_CLASS = YES_ERROR;
				CLANG_WARN_UNREACHABLE_CODE = YES;
				CLANG_WARN__DUPLICATE_METHOD_MATCH = YES;
				"CODE_SIGN_IDENTITY[sdk=iphoneos*]" = "iPhone Developer";
				COPY_PHASE_STRIP = NO;
				DEBUG_INFORMATION_FORMAT = dwarf;
				ENABLE_STRICT_OBJC_MSGSEND = YES;
				ENABLE_TESTABILITY = YES;
				GCC_C_LANGUAGE_STANDARD = gnu99;
				GCC_DYNAMIC_NO_PIC = NO;
				GCC_NO_COMMON_BLOCKS = YES;
				GCC_OPTIMIZATION_LEVEL = 0;
				GCC_PREPROCESSOR_DEFINITIONS = (
					"DEBUG=1",
					"$(inherited)",
				);
				GCC_WARN_64_TO_32_BIT_CONVERSION = YES;
				GCC_WARN_ABOUT_RETURN_TYPE = YES_ERROR;
				GCC_WARN_UNDECLARED_SELECTOR = YES;
				GCC_WARN_UNINITIALIZED_AUTOS = YES_AGGRESSIVE;
				GCC_WARN_UNUSED_FUNCTION = YES;
				GCC_WARN_UNUSED_VARIABLE = YES;
				IPHONEOS_DEPLOYMENT_TARGET = 9.3;
				MTL_ENABLE_DEBUG_INFO = YES;
				ONLY_ACTIVE_ARCH = YES;
				SDKROOT = iphoneos;
				TARGETED_DEVICE_FAMILY = "1,2";
			};
			name = Debug;
		};
		4CA752A71DABA1C100D927AB /* Release */ = {
			isa = XCBuildConfiguration;
			buildSettings = {
				ALWAYS_SEARCH_USER_PATHS = NO;
				CLANG_ANALYZER_NONNULL = YES;
				CLANG_CXX_LANGUAGE_STANDARD = "gnu++0x";
				CLANG_CXX_LIBRARY = "libc++";
				CLANG_ENABLE_MODULES = YES;
				CLANG_ENABLE_OBJC_ARC = YES;
				CLANG_WARN_BOOL_CONVERSION = YES;
				CLANG_WARN_CONSTANT_CONVERSION = YES;
				CLANG_WARN_DIRECT_OBJC_ISA_USAGE = YES_ERROR;
				CLANG_WARN_EMPTY_BODY = YES;
				CLANG_WARN_ENUM_CONVERSION = YES;
				CLANG_WARN_INT_CONVERSION = YES;
				CLANG_WARN_OBJC_ROOT_CLASS = YES_ERROR;
				CLANG_WARN_UNREACHABLE_CODE = YES;
				CLANG_WARN__DUPLICATE_METHOD_MATCH = YES;
				"CODE_SIGN_IDENTITY[sdk=iphoneos*]" = "iPhone Developer";
				COPY_PHASE_STRIP = NO;
				DEBUG_INFORMATION_FORMAT = "dwarf-with-dsym";
				ENABLE_NS_ASSERTIONS = NO;
				ENABLE_STRICT_OBJC_MSGSEND = YES;
				GCC_C_LANGUAGE_STANDARD = gnu99;
				GCC_NO_COMMON_BLOCKS = YES;
				GCC_WARN_64_TO_32_BIT_CONVERSION = YES;
				GCC_WARN_ABOUT_RETURN_TYPE = YES_ERROR;
				GCC_WARN_UNDECLARED_SELECTOR = YES;
				GCC_WARN_UNINITIALIZED_AUTOS = YES_AGGRESSIVE;
				GCC_WARN_UNUSED_FUNCTION = YES;
				GCC_WARN_UNUSED_VARIABLE = YES;
				IPHONEOS_DEPLOYMENT_TARGET = 9.3;
				MTL_ENABLE_DEBUG_INFO = NO;
				SDKROOT = iphoneos;
				TARGETED_DEVICE_FAMILY = "1,2";
				VALIDATE_PRODUCT = YES;
			};
			name = Release;
		};
		4CA752A91DABA1C100D927AB /* Debug */ = {
			isa = XCBuildConfiguration;
			buildSettings = {
				ASSETCATALOG_COMPILER_APPICON_NAME = AppIcon;
				INFOPLIST_FILE = haha/Info.plist;
				LD_RUNPATH_SEARCH_PATHS = "$(inherited) @executable_path/Frameworks";
				PRODUCT_BUNDLE_IDENTIFIER = chen.haha;
				PRODUCT_NAME = "$(TARGET_NAME)";
			};
			name = Debug;
		};
		4CA752AA1DABA1C100D927AB /* Release */ = {
			isa = XCBuildConfiguration;
			buildSettings = {
				ASSETCATALOG_COMPILER_APPICON_NAME = AppIcon;
				INFOPLIST_FILE = haha/Info.plist;
				LD_RUNPATH_SEARCH_PATHS = "$(inherited) @executable_path/Frameworks";
				PRODUCT_BUNDLE_IDENTIFIER = chen.haha;
				PRODUCT_NAME = "$(TARGET_NAME)";
			};
			name = Release;
		};
		4CA752AC1DABA1C100D927AB /* Debug */ = {
			isa = XCBuildConfiguration;
			buildSettings = {
				BUNDLE_LOADER = "$(TEST_HOST)";
				INFOPLIST_FILE = hahaTests/Info.plist;
				LD_RUNPATH_SEARCH_PATHS = "$(inherited) @executable_path/Frameworks @loader_path/Frameworks";
				PRODUCT_BUNDLE_IDENTIFIER = chen.hahaTests;
				PRODUCT_NAME = "$(TARGET_NAME)";
				TEST_HOST = "$(BUILT_PRODUCTS_DIR)/haha.app/haha";
			};
			name = Debug;
		};
		4CA752AD1DABA1C100D927AB /* Release */ = {
			isa = XCBuildConfiguration;
			buildSettings = {
				BUNDLE_LOADER = "$(TEST_HOST)";
				INFOPLIST_FILE = hahaTests/Info.plist;
				LD_RUNPATH_SEARCH_PATHS = "$(inherited) @executable_path/Frameworks @loader_path/Frameworks";
				PRODUCT_BUNDLE_IDENTIFIER = chen.hahaTests;
				PRODUCT_NAME = "$(TARGET_NAME)";
				TEST_HOST = "$(BUILT_PRODUCTS_DIR)/haha.app/haha";
			};
			name = Release;
		};
		4CA752AF1DABA1C100D927AB /* Debug */ = {
			isa = XCBuildConfiguration;
			buildSettings = {
				INFOPLIST_FILE = hahaUITests/Info.plist;
				LD_RUNPATH_SEARCH_PATHS = "$(inherited) @executable_path/Frameworks @loader_path/Frameworks";
				PRODUCT_BUNDLE_IDENTIFIER = chen.hahaUITests;
				PRODUCT_NAME = "$(TARGET_NAME)";
				TEST_TARGET_NAME = haha;
			};
			name = Debug;
		};
		4CA752B01DABA1C100D927AB /* Release */ = {
			isa = XCBuildConfiguration;
			buildSettings = {
				INFOPLIST_FILE = hahaUITests/Info.plist;
				LD_RUNPATH_SEARCH_PATHS = "$(inherited) @executable_path/Frameworks @loader_path/Frameworks";
				PRODUCT_BUNDLE_IDENTIFIER = chen.hahaUITests;
				PRODUCT_NAME = "$(TARGET_NAME)";
				TEST_TARGET_NAME = haha;
			};
			name = Release;
		};
/* End XCBuildConfiguration section */

/* Begin XCConfigurationList section */
		4CA752761DABA1C100D927AB /* Build configuration list for PBXProject "haha" */ = {
			isa = XCConfigurationList;
			buildConfigurations = (
				4CA752A61DABA1C100D927AB /* Debug */,
				4CA752A71DABA1C100D927AB /* Release */,
			);
			defaultConfigurationIsVisible = 0;
			defaultConfigurationName = Release;
		};
		4CA752A81DABA1C100D927AB /* Build configuration list for PBXNativeTarget "haha" */ = {
			isa = XCConfigurationList;
			buildConfigurations = (
				4CA752A91DABA1C100D927AB /* Debug */,
				4CA752AA1DABA1C100D927AB /* Release */,
			);
			defaultConfigurationIsVisible = 0;
		};
		4CA752AB1DABA1C100D927AB /* Build configuration list for PBXNativeTarget "hahaTests" */ = {
			isa = XCConfigurationList;
			buildConfigurations = (
				4CA752AC1DABA1C100D927AB /* Debug */,
				4CA752AD1DABA1C100D927AB /* Release */,
			);
			defaultConfigurationIsVisible = 0;
		};
		4CA752AE1DABA1C100D927AB /* Build configuration list for PBXNativeTarget "hahaUITests" */ = {
			isa = XCConfigurationList;
			buildConfigurations = (
				4CA752AF1DABA1C100D927AB /* Debug */,
				4CA752B01DABA1C100D927AB /* Release */,
			);
			defaultConfigurationIsVisible = 0;
		};
/* End XCConfigurationList section */
	};
	rootObject = 4CA752731DABA1C100D927AB /* Project object */;
}
